[{<<"cache">>,
  {git,"git://github.com/fogfish/cache.git",
       {ref,"bda14508ae1c4b7e6adbb96f1e381eb1968358de"}},
  0},
 {<<"ibrowse">>,
  {git,"git://github.com/cmullaparthi/ibrowse.git",
       {ref,"9b8b042fb7d37b90994ef6b6615c92dd2769328e"}},
  1},
 {<<"meck">>,
  {git,"git://github.com/basho/meck.git",
       {ref,"dde759050eff19a1a80fd854d7375174b191665d"}},
  1},
 {<<"mochiweb">>,
  {git,"git://github.com/basho/mochiweb.git",
       {ref,"332da857d91e681184a523a0d886a631b5385d7b"}},
  1},
 {<<"ranch">>,{pkg,<<"ranch">>,<<"1.2.1">>},0},
 {<<"webmachine">>,
  {git,"git://github.com/basho/webmachine.git",
       {ref,"50c790ddc6087a133d326d7888ac596997d555ff"}},
  0}].
